
Microsoft Visual Studio Solution File, Format Version 12.00
# Visual Studio Version 17
VisualStudioVersion = 17.5.002.0
MinimumVisualStudioVersion = 10.0.40219.1
Project("{9A19103F-16F7-4668-BE54-9A1E7A4F7556}") = "TrilhaApiDesafio", "TrilhaApiDesafio.csproj", "{6C65F6A0-CFF3-436F-AE0D-2C9BED3FF3A5}"
EndProject
Global
	GlobalSection(SolutionConfigurationPlatforms) = preSolution
		Debug|Any CPU = Debug|Any CPU
		Release|Any CPU = Release|Any CPU
	EndGlobalSection
	GlobalSection(ProjectConfigurationPlatforms) = postSolution
		{6C65F6A0-CFF3-436F-AE0D-2C9BED3FF3A5}.Debug|Any CPU.ActiveCfg = Debug|Any CPU
		{6C65F6A0-CFF3-436F-AE0D-2C9BED3FF3A5}.Debug|Any CPU.Build.0 = Debug|Any CPU
		{6C65F6A0-CFF3-436F-AE0D-2C9BED3FF3A5}.Release|Any CPU.ActiveCfg = Release|Any CPU
		{6C65F6A0-CFF3-436F-AE0D-2C9BED3FF3A5}.Release|Any CPU.Build.0 = Release|Any CPU
	EndGlobalSection
	GlobalSection(SolutionProperties) = preSolution
		HideSolutionNode = FALSE
	EndGlobalSection
	GlobalSection(ExtensibilityGlobals) = postSolution
		SolutionGuid = {68DA0C7F-E40E-411E-88BF-76DE6FD9960F}
	EndGlobalSection
EndGlobal
